
Microsoft Visual Studio Solution File, Format Version 12.00
# Visual Studio Version 16
VisualStudioVersion = 16.0.30330.147
MinimumVisualStudioVersion = 10.0.40219.1
Project("{FAE04EC0-301F-11D3-BF4B-00C04F79EFBC}") = "PCMan_Game", "PCMan_Game\PCMan_Game.csproj", "{D9228063-3ACE-4A96-80E5-8E521E30E3ED}"
EndProject
Global
	GlobalSection(SolutionConfigurationPlatforms) = preSolution
		Debug|Any CPU = Debug|Any CPU
		Release|Any CPU = Release|Any CPU
	EndGlobalSection
	GlobalSection(ProjectConfigurationPlatforms) = postSolution
		{D9228063-3ACE-4A96-80E5-8E521E30E3ED}.Debug|Any CPU.ActiveCfg = Debug|Any CPU
		{D9228063-3ACE-4A96-80E5-8E521E30E3ED}.Debug|Any CPU.Build.0 = Debug|Any CPU
		{D9228063-3ACE-4A96-80E5-8E521E30E3ED}.Release|Any CPU.ActiveCfg = Release|Any CPU
		{D9228063-3ACE-4A96-80E5-8E521E30E3ED}.Release|Any CPU.Build.0 = Release|Any CPU
	EndGlobalSection
	GlobalSection(SolutionProperties) = preSolution
		HideSolutionNode = FALSE
	EndGlobalSection
	GlobalSection(ExtensibilityGlobals) = postSolution
		SolutionGuid = {1C4182E9-01F9-4F74-85E9-347AC1C343C6}
	EndGlobalSection
EndGlobal
